
Microsoft Visual Studio Solution File, Format Version 12.00
# Visual Studio Version 16
VisualStudioVersion = 16.0.32002.261
MinimumVisualStudioVersion = 10.0.40219.1
Project("{FAE04EC0-301F-11D3-BF4B-00C04F79EFBC}") = "deck_of_card_enum", "deck_of_card_enum\deck_of_card_enum.csproj", "{6FDD0CA6-2ED5-4387-82D1-79BCF0F93F74}"
EndProject
Global
	GlobalSection(SolutionConfigurationPlatforms) = preSolution
		Debug|Any CPU = Debug|Any CPU
		Release|Any CPU = Release|Any CPU
	EndGlobalSection
	GlobalSection(ProjectConfigurationPlatforms) = postSolution
		{6FDD0CA6-2ED5-4387-82D1-79BCF0F93F74}.Debug|Any CPU.ActiveCfg = Debug|Any CPU
		{6FDD0CA6-2ED5-4387-82D1-79BCF0F93F74}.Debug|Any CPU.Build.0 = Debug|Any CPU
		{6FDD0CA6-2ED5-4387-82D1-79BCF0F93F74}.Release|Any CPU.ActiveCfg = Release|Any CPU
		{6FDD0CA6-2ED5-4387-82D1-79BCF0F93F74}.Release|Any CPU.Build.0 = Release|Any CPU
	EndGlobalSection
	GlobalSection(SolutionProperties) = preSolution
		HideSolutionNode = FALSE
	EndGlobalSection
	GlobalSection(ExtensibilityGlobals) = postSolution
		SolutionGuid = {608575D6-B716-40E8-BA5A-3F1F3D078EFE}
	EndGlobalSection
EndGlobal
